
Microsoft Visual Studio Solution File, Format Version 12.00
# Visual Studio Version 17
VisualStudioVersion = 17.0.31903.59
MinimumVisualStudioVersion = 10.0.40219.1
Project("{FAE04EC0-301F-11D3-BF4B-00C04F79EFBC}") = "SpaceCorps.Tests", "SpaceCorps.Tests\SpaceCorps.Tests.csproj", "{16612C10-C5B4-4118-A5C4-9071D4D00F5C}"
EndProject
Project("{FAE04EC0-301F-11D3-BF4B-00C04F79EFBC}") = "SpaceCorps.Business", "SpaceCorps.Business\SpaceCorps.Business.csproj", "{12E26D60-BB07-46AB-BD49-54BCA2BBA285}"
EndProject
Project("{FAE04EC0-301F-11D3-BF4B-00C04F79EFBC}") = "SpaceCorps.Api", "SpaceCorps.Api\SpaceCorps.Api.csproj", "{033655E1-6E84-4EAE-BADE-448C445ED221}"
EndProject
Global
	GlobalSection(SolutionConfigurationPlatforms) = preSolution
		Debug|Any CPU = Debug|Any CPU
		Release|Any CPU = Release|Any CPU
	EndGlobalSection
	GlobalSection(SolutionProperties) = preSolution
		HideSolutionNode = FALSE
	EndGlobalSection
	GlobalSection(ProjectConfigurationPlatforms) = postSolution
		{16612C10-C5B4-4118-A5C4-9071D4D00F5C}.Debug|Any CPU.ActiveCfg = Debug|Any CPU
		{16612C10-C5B4-4118-A5C4-9071D4D00F5C}.Debug|Any CPU.Build.0 = Debug|Any CPU
		{16612C10-C5B4-4118-A5C4-9071D4D00F5C}.Release|Any CPU.ActiveCfg = Release|Any CPU
		{16612C10-C5B4-4118-A5C4-9071D4D00F5C}.Release|Any CPU.Build.0 = Release|Any CPU
		{12E26D60-BB07-46AB-BD49-54BCA2BBA285}.Debug|Any CPU.ActiveCfg = Debug|Any CPU
		{12E26D60-BB07-46AB-BD49-54BCA2BBA285}.Debug|Any CPU.Build.0 = Debug|Any CPU
		{12E26D60-BB07-46AB-BD49-54BCA2BBA285}.Release|Any CPU.ActiveCfg = Release|Any CPU
		{12E26D60-BB07-46AB-BD49-54BCA2BBA285}.Release|Any CPU.Build.0 = Release|Any CPU
		{033655E1-6E84-4EAE-BADE-448C445ED221}.Debug|Any CPU.ActiveCfg = Debug|Any CPU
		{033655E1-6E84-4EAE-BADE-448C445ED221}.Debug|Any CPU.Build.0 = Debug|Any CPU
		{033655E1-6E84-4EAE-BADE-448C445ED221}.Release|Any CPU.ActiveCfg = Release|Any CPU
		{033655E1-6E84-4EAE-BADE-448C445ED221}.Release|Any CPU.Build.0 = Release|Any CPU
	EndGlobalSection
EndGlobal
